
Microsoft Visual Studio Solution File, Format Version 12.00
# Visual Studio 15
Project("{FAE04EC0-301F-11D3-BF4B-00C04F79EFBC}") = "Assembly-CSharp", "Assembly-CSharp.csproj", "{37255A75-A876-CBB5-3B5F-5076DC2B8E3E}"
EndProject
Project("{FAE04EC0-301F-11D3-BF4B-00C04F79EFBC}") = "Assembly-CSharp-Editor", "Assembly-CSharp-Editor.csproj", "{88E33D68-9BC9-84ED-D4C2-EC86ABF88163}"
EndProject
Global
	GlobalSection(SolutionConfigurationPlatforms) = preSolution
		Debug|Any CPU = Debug|Any CPU
		Release|Any CPU = Release|Any CPU
	EndGlobalSection
	GlobalSection(ProjectConfigurationPlatforms) = postSolution
		{37255A75-A876-CBB5-3B5F-5076DC2B8E3E}.Debug|Any CPU.ActiveCfg = Debug|Any CPU
		{37255A75-A876-CBB5-3B5F-5076DC2B8E3E}.Debug|Any CPU.Build.0 = Debug|Any CPU
		{37255A75-A876-CBB5-3B5F-5076DC2B8E3E}.Release|Any CPU.ActiveCfg = Release|Any CPU
		{37255A75-A876-CBB5-3B5F-5076DC2B8E3E}.Release|Any CPU.Build.0 = Release|Any CPU
		{88E33D68-9BC9-84ED-D4C2-EC86ABF88163}.Debug|Any CPU.ActiveCfg = Debug|Any CPU
		{88E33D68-9BC9-84ED-D4C2-EC86ABF88163}.Debug|Any CPU.Build.0 = Debug|Any CPU
		{88E33D68-9BC9-84ED-D4C2-EC86ABF88163}.Release|Any CPU.ActiveCfg = Release|Any CPU
		{88E33D68-9BC9-84ED-D4C2-EC86ABF88163}.Release|Any CPU.Build.0 = Release|Any CPU
	EndGlobalSection
	GlobalSection(SolutionProperties) = preSolution
		HideSolutionNode = FALSE
	EndGlobalSection
EndGlobal
