
Microsoft Visual Studio Solution File, Format Version 12.00
# Visual Studio 15
Project("{FAE04EC0-301F-11D3-BF4B-00C04F79EFBC}") = "Assembly-CSharp", "Assembly-CSharp.csproj", "{F6D25100-383F-09CE-E692-1A95C4E6EE5B}"
EndProject
Project("{FAE04EC0-301F-11D3-BF4B-00C04F79EFBC}") = "Assembly-CSharp-Editor", "Assembly-CSharp-Editor.csproj", "{5A9750DE-05D4-A14F-FBA9-23440C6A09C9}"
EndProject
Global
	GlobalSection(SolutionConfigurationPlatforms) = preSolution
		Debug|Any CPU = Debug|Any CPU
		Release|Any CPU = Release|Any CPU
	EndGlobalSection
	GlobalSection(ProjectConfigurationPlatforms) = postSolution
		{F6D25100-383F-09CE-E692-1A95C4E6EE5B}.Debug|Any CPU.ActiveCfg = Debug|Any CPU
		{F6D25100-383F-09CE-E692-1A95C4E6EE5B}.Debug|Any CPU.Build.0 = Debug|Any CPU
		{F6D25100-383F-09CE-E692-1A95C4E6EE5B}.Release|Any CPU.ActiveCfg = Release|Any CPU
		{F6D25100-383F-09CE-E692-1A95C4E6EE5B}.Release|Any CPU.Build.0 = Release|Any CPU
		{5A9750DE-05D4-A14F-FBA9-23440C6A09C9}.Debug|Any CPU.ActiveCfg = Debug|Any CPU
		{5A9750DE-05D4-A14F-FBA9-23440C6A09C9}.Debug|Any CPU.Build.0 = Debug|Any CPU
		{5A9750DE-05D4-A14F-FBA9-23440C6A09C9}.Release|Any CPU.ActiveCfg = Release|Any CPU
		{5A9750DE-05D4-A14F-FBA9-23440C6A09C9}.Release|Any CPU.Build.0 = Release|Any CPU
	EndGlobalSection
	GlobalSection(SolutionProperties) = preSolution
		HideSolutionNode = FALSE
	EndGlobalSection
EndGlobal
